
Microsoft Visual Studio Solution File, Format Version 12.00
# Visual Studio Version 17
VisualStudioVersion = 17.5.002.0
MinimumVisualStudioVersion = 10.0.40219.1
Project("{9A19103F-16F7-4668-BE54-9A1E7A4F7556}") = "day21", "day21.csproj", "{46745CF5-BECD-4837-97E4-02628D02CDC2}"
EndProject
Global
	GlobalSection(SolutionConfigurationPlatforms) = preSolution
		Debug|Any CPU = Debug|Any CPU
		Release|Any CPU = Release|Any CPU
	EndGlobalSection
	GlobalSection(ProjectConfigurationPlatforms) = postSolution
		{46745CF5-BECD-4837-97E4-02628D02CDC2}.Debug|Any CPU.ActiveCfg = Debug|Any CPU
		{46745CF5-BECD-4837-97E4-02628D02CDC2}.Debug|Any CPU.Build.0 = Debug|Any CPU
		{46745CF5-BECD-4837-97E4-02628D02CDC2}.Release|Any CPU.ActiveCfg = Release|Any CPU
		{46745CF5-BECD-4837-97E4-02628D02CDC2}.Release|Any CPU.Build.0 = Release|Any CPU
	EndGlobalSection
	GlobalSection(SolutionProperties) = preSolution
		HideSolutionNode = FALSE
	EndGlobalSection
	GlobalSection(ExtensibilityGlobals) = postSolution
		SolutionGuid = {3E2DE391-6D60-474F-91C6-2915CFAD64D2}
	EndGlobalSection
EndGlobal
